// !$*UTF8*$!
{
	archiveVersion = 1;
	classes = {
	};
	objectVersion = 56;
	objects = {

/* Begin PBXBuildFile section */
		7B3366A22B48088B00B93F90 /* AppDelegate.swift in Sources */ = {isa = PBXBuildFile; fileRef = 7B3366A12B48088B00B93F90 /* AppDelegate.swift */; };
		7B3366A42B48088B00B93F90 /* SceneDelegate.swift in Sources */ = {isa = PBXBuildFile; fileRef = 7B3366A32B48088B00B93F90 /* SceneDelegate.swift */; };
		7B3366A62B48088B00B93F90 /* ViewController.swift in Sources */ = {isa = PBXBuildFile; fileRef = 7B3366A52B48088B00B93F90 /* ViewController.swift */; };
		7B3366A92B48088B00B93F90 /* Main.storyboard in Resources */ = {isa = PBXBuildFile; fileRef = 7B3366A72B48088B00B93F90 /* Main.storyboard */; };
		7B3366AB2B48088C00B93F90 /* Assets.xcassets in Resources */ = {isa = PBXBuildFile; fileRef = 7B3366AA2B48088C00B93F90 /* Assets.xcassets */; };
		7B3366AE2B48088C00B93F90 /* LaunchScreen.storyboard in Resources */ = {isa = PBXBuildFile; fileRef = 7B3366AC2B48088C00B93F90 /* LaunchScreen.storyboard */; };
		7B3366B62B48107900B93F90 /* SettingScreenTableViewController.swift in Sources */ = {isa = PBXBuildFile; fileRef = 7B3366B52B48107900B93F90 /* SettingScreenTableViewController.swift */; };
		7B3366B82B4810C700B93F90 /* SettingScreenTableViewCell.swift in Sources */ = {isa = PBXBuildFile; fileRef = 7B3366B72B4810C600B93F90 /* SettingScreenTableViewCell.swift */; };
		7B3366BA2B482E4D00B93F90 /* ShoppingTableViewController.swift in Sources */ = {isa = PBXBuildFile; fileRef = 7B3366B92B482E4D00B93F90 /* ShoppingTableViewController.swift */; };
		7B3366BC2B4830E600B93F90 /* ShoppingTableViewCell.swift in Sources */ = {isa = PBXBuildFile; fileRef = 7B3366BB2B4830E600B93F90 /* ShoppingTableViewCell.swift */; };
		7B3366BE2B4954A700B93F90 /* Shopping2TableViewController.swift in Sources */ = {isa = PBXBuildFile; fileRef = 7B3366BD2B4954A700B93F90 /* Shopping2TableViewController.swift */; };
		7B3366C02B49692D00B93F90 /* Shopping2TableViewCell.swift in Sources */ = {isa = PBXBuildFile; fileRef = 7B3366BF2B49692D00B93F90 /* Shopping2TableViewCell.swift */; };
		7B3366C62B49955D00B93F90 /* ShopTableViewController.swift in Sources */ = {isa = PBXBuildFile; fileRef = 7B3366C52B49955D00B93F90 /* ShopTableViewController.swift */; };
		7B3366C82B49959200B93F90 /* ShopTableViewCell.swift in Sources */ = {isa = PBXBuildFile; fileRef = 7B3366C72B49959200B93F90 /* ShopTableViewCell.swift */; };
/* End PBXBuildFile section */

/* Begin PBXFileReference section */
		7B33669E2B48088B00B93F90 /* AssignmentTabelView.app */ = {isa = PBXFileReference; explicitFileType = wrapper.application; includeInIndex = 0; path = AssignmentTabelView.app; sourceTree = BUILT_PRODUCTS_DIR; };
		7B3366A12B48088B00B93F90 /* AppDelegate.swift */ = {isa = PBXFileReference; lastKnownFileType = sourcecode.swift; path = AppDelegate.swift; sourceTree = "<group>"; };
		7B3366A32B48088B00B93F90 /* SceneDelegate.swift */ = {isa = PBXFileReference; lastKnownFileType = sourcecode.swift; path = SceneDelegate.swift; sourceTree = "<group>"; };
		7B3366A52B48088B00B93F90 /* ViewController.swift */ = {isa = PBXFileReference; lastKnownFileType = sourcecode.swift; path = ViewController.swift; sourceTree = "<group>"; };
		7B3366A82B48088B00B93F90 /* Base */ = {isa = PBXFileReference; lastKnownFileType = file.storyboard; name = Base; path = Base.lproj/Main.storyboard; sourceTree = "<group>"; };
		7B3366AA2B48088C00B93F90 /* Assets.xcassets */ = {isa = PBXFileReference; lastKnownFileType = folder.assetcatalog; path = Assets.xcassets; sourceTree = "<group>"; };
		7B3366AD2B48088C00B93F90 /* Base */ = {isa = PBXFileReference; lastKnownFileType = file.storyboard; name = Base; path = Base.lproj/LaunchScreen.storyboard; sourceTree = "<group>"; };
		7B3366AF2B48088C00B93F90 /* Info.plist */ = {isa = PBXFileReference; lastKnownFileType = text.plist.xml; path = Info.plist; sourceTree = "<group>"; };
		7B3366B52B48107900B93F90 /* SettingScreenTableViewController.swift */ = {isa = PBXFileReference; lastKnownFileType = sourcecode.swift; path = SettingScreenTableViewController.swift; sourceTree = "<group>"; };
		7B3366B72B4810C600B93F90 /* SettingScreenTableViewCell.swift */ = {isa = PBXFileReference; lastKnownFileType = sourcecode.swift; path = SettingScreenTableViewCell.swift; sourceTree = "<group>"; };
		7B3366B92B482E4D00B93F90 /* ShoppingTableViewController.swift */ = {isa = PBXFileReference; lastKnownFileType = sourcecode.swift; path = ShoppingTableViewController.swift; sourceTree = "<group>"; };
		7B3366BB2B4830E600B93F90 /* ShoppingTableViewCell.swift */ = {isa = PBXFileReference; lastKnownFileType = sourcecode.swift; path = ShoppingTableViewCell.swift; sourceTree = "<group>"; };
		7B3366BD2B4954A700B93F90 /* Shopping2TableViewController.swift */ = {isa = PBXFileReference; lastKnownFileType = sourcecode.swift; path = Shopping2TableViewController.swift; sourceTree = "<group>"; };
		7B3366BF2B49692D00B93F90 /* Shopping2TableViewCell.swift */ = {isa = PBXFileReference; lastKnownFileType = sourcecode.swift; path = Shopping2TableViewCell.swift; sourceTree = "<group>"; };
		7B3366C52B49955D00B93F90 /* ShopTableViewController.swift */ = {isa = PBXFileReference; lastKnownFileType = sourcecode.swift; path = ShopTableViewController.swift; sourceTree = "<group>"; };
		7B3366C72B49959200B93F90 /* ShopTableViewCell.swift */ = {isa = PBXFileReference; lastKnownFileType = sourcecode.swift; path = ShopTableViewCell.swift; sourceTree = "<group>"; };
/* End PBXFileReference section */

/* Begin PBXFrameworksBuildPhase section */
		7B33669B2B48088B00B93F90 /* Frameworks */ = {
			isa = PBXFrameworksBuildPhase;
			buildActionMask = 2147483647;
			files = (
			);
			runOnlyForDeploymentPostprocessing = 0;
		};
/* End PBXFrameworksBuildPhase section */

/* Begin PBXGroup section */
		7B3366952B48088B00B93F90 = {
			isa = PBXGroup;
			children = (
				7B3366A02B48088B00B93F90 /* AssignmentTabelView */,
				7B33669F2B48088B00B93F90 /* Products */,
			);
			sourceTree = "<group>";
		};
		7B33669F2B48088B00B93F90 /* Products */ = {
			isa = PBXGroup;
			children = (
				7B33669E2B48088B00B93F90 /* AssignmentTabelView.app */,
			);
			name = Products;
			sourceTree = "<group>";
		};
		7B3366A02B48088B00B93F90 /* AssignmentTabelView */ = {
			isa = PBXGroup;
			children = (
				7B3366A12B48088B00B93F90 /* AppDelegate.swift */,
				7B3366A32B48088B00B93F90 /* SceneDelegate.swift */,
				7B3366A52B48088B00B93F90 /* ViewController.swift */,
				7B3366A72B48088B00B93F90 /* Main.storyboard */,
				7B3366AA2B48088C00B93F90 /* Assets.xcassets */,
				7B3366AC2B48088C00B93F90 /* LaunchScreen.storyboard */,
				7B3366AF2B48088C00B93F90 /* Info.plist */,
				7B3366B52B48107900B93F90 /* SettingScreenTableViewController.swift */,
				7B3366B72B4810C600B93F90 /* SettingScreenTableViewCell.swift */,
				7B3366B92B482E4D00B93F90 /* ShoppingTableViewController.swift */,
				7B3366BB2B4830E600B93F90 /* ShoppingTableViewCell.swift */,
				7B3366BD2B4954A700B93F90 /* Shopping2TableViewController.swift */,
				7B3366BF2B49692D00B93F90 /* Shopping2TableViewCell.swift */,
				7B3366C52B49955D00B93F90 /* ShopTableViewController.swift */,
				7B3366C72B49959200B93F90 /* ShopTableViewCell.swift */,
			);
			path = AssignmentTabelView;
			sourceTree = "<group>";
		};
/* End PBXGroup section */

/* Begin PBXNativeTarget section */
		7B33669D2B48088B00B93F90 /* AssignmentTabelView */ = {
			isa = PBXNativeTarget;
			buildConfigurationList = 7B3366B22B48088C00B93F90 /* Build configuration list for PBXNativeTarget "AssignmentTabelView" */;
			buildPhases = (
				7B33669A2B48088B00B93F90 /* Sources */,
				7B33669B2B48088B00B93F90 /* Frameworks */,
				7B33669C2B48088B00B93F90 /* Resources */,
			);
			buildRules = (
			);
			dependencies = (
			);
			name = AssignmentTabelView;
			productName = AssignmentTabelView;
			productReference = 7B33669E2B48088B00B93F90 /* AssignmentTabelView.app */;
			productType = "com.apple.product-type.application";
		};
/* End PBXNativeTarget section */

/* Begin PBXProject section */
		7B3366962B48088B00B93F90 /* Project object */ = {
			isa = PBXProject;
			attributes = {
				BuildIndependentTargetsInParallel = 1;
				LastSwiftUpdateCheck = 1510;
				LastUpgradeCheck = 1510;
				TargetAttributes = {
					7B33669D2B48088B00B93F90 = {
						CreatedOnToolsVersion = 15.1;
					};
				};
			};
			buildConfigurationList = 7B3366992B48088B00B93F90 /* Build configuration list for PBXProject "AssignmentTabelView" */;
			compatibilityVersion = "Xcode 14.0";
			developmentRegion = en;
			hasScannedForEncodings = 0;
			knownRegions = (
				en,
				Base,
			);
			mainGroup = 7B3366952B48088B00B93F90;
			productRefGroup = 7B33669F2B48088B00B93F90 /* Products */;
			projectDirPath = "";
			projectRoot = "";
			targets = (
				7B33669D2B48088B00B93F90 /* AssignmentTabelView */,
			);
		};
/* End PBXProject section */

/* Begin PBXResourcesBuildPhase section */
		7B33669C2B48088B00B93F90 /* Resources */ = {
			isa = PBXResourcesBuildPhase;
			buildActionMask = 2147483647;
			files = (
				7B3366AE2B48088C00B93F90 /* LaunchScreen.storyboard in Resources */,
				7B3366AB2B48088C00B93F90 /* Assets.xcassets in Resources */,
				7B3366A92B48088B00B93F90 /* Main.storyboard in Resources */,
			);
			runOnlyForDeploymentPostprocessing = 0;
		};
/* End PBXResourcesBuildPhase section */

/* Begin PBXSourcesBuildPhase section */
		7B33669A2B48088B00B93F90 /* Sources */ = {
			isa = PBXSourcesBuildPhase;
			buildActionMask = 2147483647;
			files = (
				7B3366A62B48088B00B93F90 /* ViewController.swift in Sources */,
				7B3366BA2B482E4D00B93F90 /* ShoppingTableViewController.swift in Sources */,
				7B3366A22B48088B00B93F90 /* AppDelegate.swift in Sources */,
				7B3366C82B49959200B93F90 /* ShopTableViewCell.swift in Sources */,
				7B3366B62B48107900B93F90 /* SettingScreenTableViewController.swift in Sources */,
				7B3366C02B49692D00B93F90 /* Shopping2TableViewCell.swift in Sources */,
				7B3366B82B4810C700B93F90 /* SettingScreenTableViewCell.swift in Sources */,
				7B3366BC2B4830E600B93F90 /* ShoppingTableViewCell.swift in Sources */,
				7B3366C62B49955D00B93F90 /* ShopTableViewController.swift in Sources */,
				7B3366BE2B4954A700B93F90 /* Shopping2TableViewController.swift in Sources */,
				7B3366A42B48088B00B93F90 /* SceneDelegate.swift in Sources */,
			);
			runOnlyForDeploymentPostprocessing = 0;
		};
/* End PBXSourcesBuildPhase section */

/* Begin PBXVariantGroup section */
		7B3366A72B48088B00B93F90 /* Main.storyboard */ = {
			isa = PBXVariantGroup;
			children = (
				7B3366A82B48088B00B93F90 /* Base */,
			);
			name = Main.storyboard;
			sourceTree = "<group>";
		};
		7B3366AC2B48088C00B93F90 /* LaunchScreen.storyboard */ = {
			isa = PBXVariantGroup;
			children = (
				7B3366AD2B48088C00B93F90 /* Base */,
			);
			name = LaunchScreen.storyboard;
			sourceTree = "<group>";
		};
/* End PBXVariantGroup section */

/* Begin XCBuildConfiguration section */
		7B3366B02B48088C00B93F90 /* Debug */ = {
			isa = XCBuildConfiguration;
			buildSettings = {
				ALWAYS_SEARCH_USER_PATHS = NO;
				ASSETCATALOG_COMPILER_GENERATE_SWIFT_ASSET_SYMBOL_EXTENSIONS = YES;
				CLANG_ANALYZER_NONNULL = YES;
				CLANG_ANALYZER_NUMBER_OBJECT_CONVERSION = YES_AGGRESSIVE;
				CLANG_CXX_LANGUAGE_STANDARD = "gnu++20";
				CLANG_ENABLE_MODULES = YES;
				CLANG_ENABLE_OBJC_ARC = YES;
				CLANG_ENABLE_OBJC_WEAK = YES;
				CLANG_WARN_BLOCK_CAPTURE_AUTORELEASING = YES;
				CLANG_WARN_BOOL_CONVERSION = YES;
				CLANG_WARN_COMMA = YES;
				CLANG_WARN_CONSTANT_CONVERSION = YES;
				CLANG_WARN_DEPRECATED_OBJC_IMPLEMENTATIONS = YES;
				CLANG_WARN_DIRECT_OBJC_ISA_USAGE = YES_ERROR;
				CLANG_WARN_DOCUMENTATION_COMMENTS = YES;
				CLANG_WARN_EMPTY_BODY = YES;
				CLANG_WARN_ENUM_CONVERSION = YES;
				CLANG_WARN_INFINITE_RECURSION = YES;
				CLANG_WARN_INT_CONVERSION = YES;
				CLANG_WARN_NON_LITERAL_NULL_CONVERSION = YES;
				CLANG_WARN_OBJC_IMPLICIT_RETAIN_SELF = YES;
				CLANG_WARN_OBJC_LITERAL_CONVERSION = YES;
				CLANG_WARN_OBJC_ROOT_CLASS = YES_ERROR;
				CLANG_WARN_QUOTED_INCLUDE_IN_FRAMEWORK_HEADER = YES;
				CLANG_WARN_RANGE_LOOP_ANALYSIS = YES;
				CLANG_WARN_STRICT_PROTOTYPES = YES;
				CLANG_WARN_SUSPICIOUS_MOVE = YES;
				CLANG_WARN_UNGUARDED_AVAILABILITY = YES_AGGRESSIVE;
				CLANG_WARN_UNREACHABLE_CODE = YES;
				CLANG_WARN__DUPLICATE_METHOD_MATCH = YES;
				COPY_PHASE_STRIP = NO;
				DEBUG_INFORMATION_FORMAT = dwarf;
				ENABLE_STRICT_OBJC_MSGSEND = YES;
				ENABLE_TESTABILITY = YES;
				ENABLE_USER_SCRIPT_SANDBOXING = YES;
				GCC_C_LANGUAGE_STANDARD = gnu17;
				GCC_DYNAMIC_NO_PIC = NO;
				GCC_NO_COMMON_BLOCKS = YES;
				GCC_OPTIMIZATION_LEVEL = 0;
				GCC_PREPROCESSOR_DEFINITIONS = (
					"DEBUG=1",
					"$(inherited)",
				);
				GCC_WARN_64_TO_32_BIT_CONVERSION = YES;
				GCC_WARN_ABOUT_RETURN_TYPE = YES_ERROR;
				GCC_WARN_UNDECLARED_SELECTOR = YES;
				GCC_WARN_UNINITIALIZED_AUTOS = YES_AGGRESSIVE;
				GCC_WARN_UNUSED_FUNCTION = YES;
				GCC_WARN_UNUSED_VARIABLE = YES;
				IPHONEOS_DEPLOYMENT_TARGET = 17.2;
				LOCALIZATION_PREFERS_STRING_CATALOGS = YES;
				MTL_ENABLE_DEBUG_INFO = INCLUDE_SOURCE;
				MTL_FAST_MATH = YES;
				ONLY_ACTIVE_ARCH = YES;
				SDKROOT = iphoneos;
				SWIFT_ACTIVE_COMPILATION_CONDITIONS = "DEBUG $(inherited)";
				SWIFT_OPTIMIZATION_LEVEL = "-Onone";
			};
			name = Debug;
		};
		7B3366B12B48088C00B93F90 /* Release */ = {
			isa = XCBuildConfiguration;
			buildSettings = {
				ALWAYS_SEARCH_USER_PATHS = NO;
				ASSETCATALOG_COMPILER_GENERATE_SWIFT_ASSET_SYMBOL_EXTENSIONS = YES;
				CLANG_ANALYZER_NONNULL = YES;
				CLANG_ANALYZER_NUMBER_OBJECT_CONVERSION = YES_AGGRESSIVE;
				CLANG_CXX_LANGUAGE_STANDARD = "gnu++20";
				CLANG_ENABLE_MODULES = YES;
				CLANG_ENABLE_OBJC_ARC = YES;
				CLANG_ENABLE_OBJC_WEAK = YES;
				CLANG_WARN_BLOCK_CAPTURE_AUTORELEASING = YES;
				CLANG_WARN_BOOL_CONVERSION = YES;
				CLANG_WARN_COMMA = YES;
				CLANG_WARN_CONSTANT_CONVERSION = YES;
				CLANG_WARN_DEPRECATED_OBJC_IMPLEMENTATIONS = YES;
				CLANG_WARN_DIRECT_OBJC_ISA_USAGE = YES_ERROR;
				CLANG_WARN_DOCUMENTATION_COMMENTS = YES;
				CLANG_WARN_EMPTY_BODY = YES;
				CLANG_WARN_ENUM_CONVERSION = YES;
				CLANG_WARN_INFINITE_RECURSION = YES;
				CLANG_WARN_INT_CONVERSION = YES;
				CLANG_WARN_NON_LITERAL_NULL_CONVERSION = YES;
				CLANG_WARN_OBJC_IMPLICIT_RETAIN_SELF = YES;
				CLANG_WARN_OBJC_LITERAL_CONVERSION = YES;
				CLANG_WARN_OBJC_ROOT_CLASS = YES_ERROR;
				CLANG_WARN_QUOTED_INCLUDE_IN_FRAMEWORK_HEADER = YES;
				CLANG_WARN_RANGE_LOOP_ANALYSIS = YES;
				CLANG_WARN_STRICT_PROTOTYPES = YES;
				CLANG_WARN_SUSPICIOUS_MOVE = YES;
				CLANG_WARN_UNGUARDED_AVAILABILITY = YES_AGGRESSIVE;
				CLANG_WARN_UNREACHABLE_CODE = YES;
				CLANG_WARN__DUPLICATE_METHOD_MATCH = YES;
				COPY_PHASE_STRIP = NO;
				DEBUG_INFORMATION_FORMAT = "dwarf-with-dsym";
				ENABLE_NS_ASSERTIONS = NO;
				ENABLE_STRICT_OBJC_MSGSEND = YES;
				ENABLE_USER_SCRIPT_SANDBOXING = YES;
				GCC_C_LANGUAGE_STANDARD = gnu17;
				GCC_NO_COMMON_BLOCKS = YES;
				GCC_WARN_64_TO_32_BIT_CONVERSION = YES;
				GCC_WARN_ABOUT_RETURN_TYPE = YES_ERROR;
				GCC_WARN_UNDECLARED_SELECTOR = YES;
				GCC_WARN_UNINITIALIZED_AUTOS = YES_AGGRESSIVE;
				GCC_WARN_UNUSED_FUNCTION = YES;
				GCC_WARN_UNUSED_VARIABLE = YES;
				IPHONEOS_DEPLOYMENT_TARGET = 17.2;
				LOCALIZATION_PREFERS_STRING_CATALOGS = YES;
				MTL_ENABLE_DEBUG_INFO = NO;
				MTL_FAST_MATH = YES;
				SDKROOT = iphoneos;
				SWIFT_COMPILATION_MODE = wholemodule;
				VALIDATE_PRODUCT = YES;
			};
			name = Release;
		};
		7B3366B32B48088C00B93F90 /* Debug */ = {
			isa = XCBuildConfiguration;
			buildSettings = {
				ASSETCATALOG_COMPILER_APPICON_NAME = AppIcon;
				ASSETCATALOG_COMPILER_GLOBAL_ACCENT_COLOR_NAME = AccentColor;
				CODE_SIGN_STYLE = Automatic;
				CURRENT_PROJECT_VERSION = 1;
				DEVELOPMENT_TEAM = H25F4B7J4U;
				GENERATE_INFOPLIST_FILE = YES;
				INFOPLIST_FILE = AssignmentTabelView/Info.plist;
				INFOPLIST_KEY_UIApplicationSupportsIndirectInputEvents = YES;
				INFOPLIST_KEY_UILaunchStoryboardName = LaunchScreen;
				INFOPLIST_KEY_UIMainStoryboardFile = Main;
				INFOPLIST_KEY_UISupportedInterfaceOrientations_iPad = "UIInterfaceOrientationPortrait UIInterfaceOrientationPortraitUpsideDown UIInterfaceOrientationLandscapeLeft UIInterfaceOrientationLandscapeRight";
				INFOPLIST_KEY_UISupportedInterfaceOrientations_iPhone = "UIInterfaceOrientationPortrait UIInterfaceOrientationLandscapeLeft UIInterfaceOrientationLandscapeRight";
				LD_RUNPATH_SEARCH_PATHS = (
					"$(inherited)",
					"@executable_path/Frameworks",
				);
				MARKETING_VERSION = 1.0;
				PRODUCT_BUNDLE_IDENTIFIER = com.SilverGun.AssignmentTabelView;
				PRODUCT_NAME = "$(TARGET_NAME)";
				SUPPORTED_PLATFORMS = "iphoneos iphonesimulator";
				SUPPORTS_MACCATALYST = NO;
				SUPPORTS_MAC_DESIGNED_FOR_IPHONE_IPAD = NO;
				SWIFT_EMIT_LOC_STRINGS = YES;
				SWIFT_VERSION = 5.0;
				TARGETED_DEVICE_FAMILY = 1;
			};
			name = Debug;
		};
		7B3366B42B48088C00B93F90 /* Release */ = {
			isa = XCBuildConfiguration;
			buildSettings = {
				ASSETCATALOG_COMPILER_APPICON_NAME = AppIcon;
				ASSETCATALOG_COMPILER_GLOBAL_ACCENT_COLOR_NAME = AccentColor;
				CODE_SIGN_STYLE = Automatic;
				CURRENT_PROJECT_VERSION = 1;
				DEVELOPMENT_TEAM = H25F4B7J4U;
				GENERATE_INFOPLIST_FILE = YES;
				INFOPLIST_FILE = AssignmentTabelView/Info.plist;
				INFOPLIST_KEY_UIApplicationSupportsIndirectInputEvents = YES;
				INFOPLIST_KEY_UILaunchStoryboardName = LaunchScreen;
				INFOPLIST_KEY_UIMainStoryboardFile = Main;
				INFOPLIST_KEY_UISupportedInterfaceOrientations_iPad = "UIInterfaceOrientationPortrait UIInterfaceOrientationPortraitUpsideDown UIInterfaceOrientationLandscapeLeft UIInterfaceOrientationLandscapeRight";
				INFOPLIST_KEY_UISupportedInterfaceOrientations_iPhone = "UIInterfaceOrientationPortrait UIInterfaceOrientationLandscapeLeft UIInterfaceOrientationLandscapeRight";
				LD_RUNPATH_SEARCH_PATHS = (
					"$(inherited)",
					"@executable_path/Frameworks",
				);
				MARKETING_VERSION = 1.0;
				PRODUCT_BUNDLE_IDENTIFIER = com.SilverGun.AssignmentTabelView;
				PRODUCT_NAME = "$(TARGET_NAME)";
				SUPPORTED_PLATFORMS = "iphoneos iphonesimulator";
				SUPPORTS_MACCATALYST = NO;
				SUPPORTS_MAC_DESIGNED_FOR_IPHONE_IPAD = NO;
				SWIFT_EMIT_LOC_STRINGS = YES;
				SWIFT_VERSION = 5.0;
				TARGETED_DEVICE_FAMILY = 1;
			};
			name = Release;
		};
/* End XCBuildConfiguration section */

/* Begin XCConfigurationList section */
		7B3366992B48088B00B93F90 /* Build configuration list for PBXProject "AssignmentTabelView" */ = {
			isa = XCConfigurationList;
			buildConfigurations = (
				7B3366B02B48088C00B93F90 /* Debug */,
				7B3366B12B48088C00B93F90 /* Release */,
			);
			defaultConfigurationIsVisible = 0;
			defaultConfigurationName = Release;
		};
		7B3366B22B48088C00B93F90 /* Build configuration list for PBXNativeTarget "AssignmentTabelView" */ = {
			isa = XCConfigurationList;
			buildConfigurations = (
				7B3366B32B48088C00B93F90 /* Debug */,
				7B3366B42B48088C00B93F90 /* Release */,
			);
			defaultConfigurationIsVisible = 0;
			defaultConfigurationName = Release;
		};
/* End XCConfigurationList section */
	};
	rootObject = 7B3366962B48088B00B93F90 /* Project object */;
}
